
Microsoft Visual Studio Solution File, Format Version 12.00
# Visual Studio Version 17
VisualStudioVersion = 17.14.36127.28 d17.14
MinimumVisualStudioVersion = 10.0.40219.1
Project("{FAE04EC0-301F-11D3-BF4B-00C04F79EFBC}") = "1.1.5", "1.1.5\1.1.5.csproj", "{DB1E2190-2C5B-442E-BB0B-EBE4A3177C67}"
EndProject
Project("{FAE04EC0-301F-11D3-BF4B-00C04F79EFBC}") = "1.1.1", "..\1.1.1\1.1.1\1.1.1.csproj", "{E0D07D06-B48A-58CF-ECBC-BC2033395C00}"
EndProject
Project("{FAE04EC0-301F-11D3-BF4B-00C04F79EFBC}") = "1.1.2", "..\1.1.2\1.1.2\1.1.2.csproj", "{8CE82ADD-2723-76D2-D451-92B5BC96C6CC}"
EndProject
Project("{FAE04EC0-301F-11D3-BF4B-00C04F79EFBC}") = "1.1.3", "..\1.1.3\1.1.3\1.1.3.csproj", "{137C01C8-0DF9-C3A8-F457-046924357F87}"
EndProject
Project("{FAE04EC0-301F-11D3-BF4B-00C04F79EFBC}") = "1.1.4", "..\1.1.4\1.1.4\1.1.4.csproj", "{A8FBBA77-7876-02D0-743B-943FC60DEED9}"
EndProject
Global
	GlobalSection(SolutionConfigurationPlatforms) = preSolution
		Debug|Any CPU = Debug|Any CPU
		Release|Any CPU = Release|Any CPU
	EndGlobalSection
	GlobalSection(ProjectConfigurationPlatforms) = postSolution
		{DB1E2190-2C5B-442E-BB0B-EBE4A3177C67}.Debug|Any CPU.ActiveCfg = Debug|Any CPU
		{DB1E2190-2C5B-442E-BB0B-EBE4A3177C67}.Debug|Any CPU.Build.0 = Debug|Any CPU
		{DB1E2190-2C5B-442E-BB0B-EBE4A3177C67}.Release|Any CPU.ActiveCfg = Release|Any CPU
		{DB1E2190-2C5B-442E-BB0B-EBE4A3177C67}.Release|Any CPU.Build.0 = Release|Any CPU
		{E0D07D06-B48A-58CF-ECBC-BC2033395C00}.Debug|Any CPU.ActiveCfg = Debug|Any CPU
		{E0D07D06-B48A-58CF-ECBC-BC2033395C00}.Debug|Any CPU.Build.0 = Debug|Any CPU
		{E0D07D06-B48A-58CF-ECBC-BC2033395C00}.Release|Any CPU.ActiveCfg = Release|Any CPU
		{E0D07D06-B48A-58CF-ECBC-BC2033395C00}.Release|Any CPU.Build.0 = Release|Any CPU
		{8CE82ADD-2723-76D2-D451-92B5BC96C6CC}.Debug|Any CPU.ActiveCfg = Debug|Any CPU
		{8CE82ADD-2723-76D2-D451-92B5BC96C6CC}.Debug|Any CPU.Build.0 = Debug|Any CPU
		{8CE82ADD-2723-76D2-D451-92B5BC96C6CC}.Release|Any CPU.ActiveCfg = Release|Any CPU
		{8CE82ADD-2723-76D2-D451-92B5BC96C6CC}.Release|Any CPU.Build.0 = Release|Any CPU
		{137C01C8-0DF9-C3A8-F457-046924357F87}.Debug|Any CPU.ActiveCfg = Debug|Any CPU
		{137C01C8-0DF9-C3A8-F457-046924357F87}.Debug|Any CPU.Build.0 = Debug|Any CPU
		{137C01C8-0DF9-C3A8-F457-046924357F87}.Release|Any CPU.ActiveCfg = Release|Any CPU
		{137C01C8-0DF9-C3A8-F457-046924357F87}.Release|Any CPU.Build.0 = Release|Any CPU
		{A8FBBA77-7876-02D0-743B-943FC60DEED9}.Debug|Any CPU.ActiveCfg = Debug|Any CPU
		{A8FBBA77-7876-02D0-743B-943FC60DEED9}.Debug|Any CPU.Build.0 = Debug|Any CPU
		{A8FBBA77-7876-02D0-743B-943FC60DEED9}.Release|Any CPU.ActiveCfg = Release|Any CPU
		{A8FBBA77-7876-02D0-743B-943FC60DEED9}.Release|Any CPU.Build.0 = Release|Any CPU
	EndGlobalSection
	GlobalSection(SolutionProperties) = preSolution
		HideSolutionNode = FALSE
	EndGlobalSection
	GlobalSection(ExtensibilityGlobals) = postSolution
		SolutionGuid = {047D628A-01E3-4094-94A2-735464B0B1EA}
	EndGlobalSection
EndGlobal
