
Microsoft Visual Studio Solution File, Format Version 12.00
# Visual Studio Version 17
VisualStudioVersion = 17.14.36127.28 d17.14
MinimumVisualStudioVersion = 10.0.40219.1
Project("{FAE04EC0-301F-11D3-BF4B-00C04F79EFBC}") = "3.2", "3.2\3.2.csproj", "{8B9333D4-D6E7-4F33-9CCC-8CE73095893C}"
EndProject
Global
	GlobalSection(SolutionConfigurationPlatforms) = preSolution
		Debug|Any CPU = Debug|Any CPU
		Release|Any CPU = Release|Any CPU
	EndGlobalSection
	GlobalSection(ProjectConfigurationPlatforms) = postSolution
		{8B9333D4-D6E7-4F33-9CCC-8CE73095893C}.Debug|Any CPU.ActiveCfg = Debug|Any CPU
		{8B9333D4-D6E7-4F33-9CCC-8CE73095893C}.Debug|Any CPU.Build.0 = Debug|Any CPU
		{8B9333D4-D6E7-4F33-9CCC-8CE73095893C}.Release|Any CPU.ActiveCfg = Release|Any CPU
		{8B9333D4-D6E7-4F33-9CCC-8CE73095893C}.Release|Any CPU.Build.0 = Release|Any CPU
	EndGlobalSection
	GlobalSection(SolutionProperties) = preSolution
		HideSolutionNode = FALSE
	EndGlobalSection
	GlobalSection(ExtensibilityGlobals) = postSolution
		SolutionGuid = {8CA6B1E3-E848-4006-8570-D4E3E945C9D5}
	EndGlobalSection
EndGlobal
