
Microsoft Visual Studio Solution File, Format Version 12.00
# Visual Studio Version 17
VisualStudioVersion = 17.14.36127.28 d17.14
MinimumVisualStudioVersion = 10.0.40219.1
Project("{FAE04EC0-301F-11D3-BF4B-00C04F79EFBC}") = "1.2.6", "1.2.6\1.2.6.csproj", "{61468F93-3D8A-4244-9420-5C1ABCF5FAD3}"
EndProject
Global
	GlobalSection(SolutionConfigurationPlatforms) = preSolution
		Debug|Any CPU = Debug|Any CPU
		Release|Any CPU = Release|Any CPU
	EndGlobalSection
	GlobalSection(ProjectConfigurationPlatforms) = postSolution
		{61468F93-3D8A-4244-9420-5C1ABCF5FAD3}.Debug|Any CPU.ActiveCfg = Debug|Any CPU
		{61468F93-3D8A-4244-9420-5C1ABCF5FAD3}.Debug|Any CPU.Build.0 = Debug|Any CPU
		{61468F93-3D8A-4244-9420-5C1ABCF5FAD3}.Release|Any CPU.ActiveCfg = Release|Any CPU
		{61468F93-3D8A-4244-9420-5C1ABCF5FAD3}.Release|Any CPU.Build.0 = Release|Any CPU
	EndGlobalSection
	GlobalSection(SolutionProperties) = preSolution
		HideSolutionNode = FALSE
	EndGlobalSection
	GlobalSection(ExtensibilityGlobals) = postSolution
		SolutionGuid = {30E21940-0E30-4A4E-8205-E45AC8480996}
	EndGlobalSection
EndGlobal
