
Microsoft Visual Studio Solution File, Format Version 12.00
# Visual Studio Version 17
VisualStudioVersion = 17.14.36127.28 d17.14
MinimumVisualStudioVersion = 10.0.40219.1
Project("{FAE04EC0-301F-11D3-BF4B-00C04F79EFBC}") = "7.1", "7.1\7.1.csproj", "{A0E84774-5D6F-48A3-86DF-D07DB8D1CCD5}"
EndProject
Global
	GlobalSection(SolutionConfigurationPlatforms) = preSolution
		Debug|Any CPU = Debug|Any CPU
		Release|Any CPU = Release|Any CPU
	EndGlobalSection
	GlobalSection(ProjectConfigurationPlatforms) = postSolution
		{A0E84774-5D6F-48A3-86DF-D07DB8D1CCD5}.Debug|Any CPU.ActiveCfg = Debug|Any CPU
		{A0E84774-5D6F-48A3-86DF-D07DB8D1CCD5}.Debug|Any CPU.Build.0 = Debug|Any CPU
		{A0E84774-5D6F-48A3-86DF-D07DB8D1CCD5}.Release|Any CPU.ActiveCfg = Release|Any CPU
		{A0E84774-5D6F-48A3-86DF-D07DB8D1CCD5}.Release|Any CPU.Build.0 = Release|Any CPU
	EndGlobalSection
	GlobalSection(SolutionProperties) = preSolution
		HideSolutionNode = FALSE
	EndGlobalSection
	GlobalSection(ExtensibilityGlobals) = postSolution
		SolutionGuid = {96D62D6C-08E1-49AD-8957-BF6BCF519EA7}
	EndGlobalSection
EndGlobal
