
Microsoft Visual Studio Solution File, Format Version 12.00
# Visual Studio Version 17
VisualStudioVersion = 17.14.36127.28 d17.14
MinimumVisualStudioVersion = 10.0.40219.1
Project("{FAE04EC0-301F-11D3-BF4B-00C04F79EFBC}") = "1.3.3", "1.3.3\1.3.3.csproj", "{B283A88A-15BB-4D4B-B20A-A9AB5DBC0056}"
EndProject
Global
	GlobalSection(SolutionConfigurationPlatforms) = preSolution
		Debug|Any CPU = Debug|Any CPU
		Release|Any CPU = Release|Any CPU
	EndGlobalSection
	GlobalSection(ProjectConfigurationPlatforms) = postSolution
		{B283A88A-15BB-4D4B-B20A-A9AB5DBC0056}.Debug|Any CPU.ActiveCfg = Debug|Any CPU
		{B283A88A-15BB-4D4B-B20A-A9AB5DBC0056}.Debug|Any CPU.Build.0 = Debug|Any CPU
		{B283A88A-15BB-4D4B-B20A-A9AB5DBC0056}.Release|Any CPU.ActiveCfg = Release|Any CPU
		{B283A88A-15BB-4D4B-B20A-A9AB5DBC0056}.Release|Any CPU.Build.0 = Release|Any CPU
	EndGlobalSection
	GlobalSection(SolutionProperties) = preSolution
		HideSolutionNode = FALSE
	EndGlobalSection
	GlobalSection(ExtensibilityGlobals) = postSolution
		SolutionGuid = {EFD8EAE0-69FD-4583-8C9B-2787DFABF8AE}
	EndGlobalSection
EndGlobal
