
Microsoft Visual Studio Solution File, Format Version 12.00
# Visual Studio Version 17
VisualStudioVersion = 17.14.36127.28 d17.14
MinimumVisualStudioVersion = 10.0.40219.1
Project("{FAE04EC0-301F-11D3-BF4B-00C04F79EFBC}") = "1.3.1", "1.3.1\1.3.1.csproj", "{B2E1911E-A6A1-4295-97AC-76466DB3CEC2}"
EndProject
Global
	GlobalSection(SolutionConfigurationPlatforms) = preSolution
		Debug|Any CPU = Debug|Any CPU
		Release|Any CPU = Release|Any CPU
	EndGlobalSection
	GlobalSection(ProjectConfigurationPlatforms) = postSolution
		{B2E1911E-A6A1-4295-97AC-76466DB3CEC2}.Debug|Any CPU.ActiveCfg = Debug|Any CPU
		{B2E1911E-A6A1-4295-97AC-76466DB3CEC2}.Debug|Any CPU.Build.0 = Debug|Any CPU
		{B2E1911E-A6A1-4295-97AC-76466DB3CEC2}.Release|Any CPU.ActiveCfg = Release|Any CPU
		{B2E1911E-A6A1-4295-97AC-76466DB3CEC2}.Release|Any CPU.Build.0 = Release|Any CPU
	EndGlobalSection
	GlobalSection(SolutionProperties) = preSolution
		HideSolutionNode = FALSE
	EndGlobalSection
	GlobalSection(ExtensibilityGlobals) = postSolution
		SolutionGuid = {538DCAE0-F02E-4009-93A6-3340334D2A8B}
	EndGlobalSection
EndGlobal
