
Microsoft Visual Studio Solution File, Format Version 12.00
# Visual Studio Version 17
VisualStudioVersion = 17.14.36127.28 d17.14
MinimumVisualStudioVersion = 10.0.40219.1
Project("{FAE04EC0-301F-11D3-BF4B-00C04F79EFBC}") = "2.4", "2.4\2.4.csproj", "{CFE6805C-C888-4AE7-85CA-7477530D26E1}"
EndProject
Global
	GlobalSection(SolutionConfigurationPlatforms) = preSolution
		Debug|Any CPU = Debug|Any CPU
		Release|Any CPU = Release|Any CPU
	EndGlobalSection
	GlobalSection(ProjectConfigurationPlatforms) = postSolution
		{CFE6805C-C888-4AE7-85CA-7477530D26E1}.Debug|Any CPU.ActiveCfg = Debug|Any CPU
		{CFE6805C-C888-4AE7-85CA-7477530D26E1}.Debug|Any CPU.Build.0 = Debug|Any CPU
		{CFE6805C-C888-4AE7-85CA-7477530D26E1}.Release|Any CPU.ActiveCfg = Release|Any CPU
		{CFE6805C-C888-4AE7-85CA-7477530D26E1}.Release|Any CPU.Build.0 = Release|Any CPU
	EndGlobalSection
	GlobalSection(SolutionProperties) = preSolution
		HideSolutionNode = FALSE
	EndGlobalSection
	GlobalSection(ExtensibilityGlobals) = postSolution
		SolutionGuid = {8DB658A5-FF33-4A42-BA5D-07111BBE2B92}
	EndGlobalSection
EndGlobal
