
Microsoft Visual Studio Solution File, Format Version 12.00
# Visual Studio Version 17
VisualStudioVersion = 17.14.36127.28 d17.14
MinimumVisualStudioVersion = 10.0.40219.1
Project("{FAE04EC0-301F-11D3-BF4B-00C04F79EFBC}") = "1.2.5", "1.2.5\1.2.5.csproj", "{33CF47FB-988E-4FD4-961C-7E91B0B3FD47}"
EndProject
Global
	GlobalSection(SolutionConfigurationPlatforms) = preSolution
		Debug|Any CPU = Debug|Any CPU
		Release|Any CPU = Release|Any CPU
	EndGlobalSection
	GlobalSection(ProjectConfigurationPlatforms) = postSolution
		{33CF47FB-988E-4FD4-961C-7E91B0B3FD47}.Debug|Any CPU.ActiveCfg = Debug|Any CPU
		{33CF47FB-988E-4FD4-961C-7E91B0B3FD47}.Debug|Any CPU.Build.0 = Debug|Any CPU
		{33CF47FB-988E-4FD4-961C-7E91B0B3FD47}.Release|Any CPU.ActiveCfg = Release|Any CPU
		{33CF47FB-988E-4FD4-961C-7E91B0B3FD47}.Release|Any CPU.Build.0 = Release|Any CPU
	EndGlobalSection
	GlobalSection(SolutionProperties) = preSolution
		HideSolutionNode = FALSE
	EndGlobalSection
	GlobalSection(ExtensibilityGlobals) = postSolution
		SolutionGuid = {1BD5557D-2176-4EA2-8711-06F10DE83B2C}
	EndGlobalSection
EndGlobal
