
Microsoft Visual Studio Solution File, Format Version 12.00
# Visual Studio Version 17
VisualStudioVersion = 17.14.36127.28 d17.14
MinimumVisualStudioVersion = 10.0.40219.1
Project("{FAE04EC0-301F-11D3-BF4B-00C04F79EFBC}") = "2.8", "2.8\2.8.csproj", "{A86795D3-F500-419A-8718-4BE10924211E}"
EndProject
Global
	GlobalSection(SolutionConfigurationPlatforms) = preSolution
		Debug|Any CPU = Debug|Any CPU
		Release|Any CPU = Release|Any CPU
	EndGlobalSection
	GlobalSection(ProjectConfigurationPlatforms) = postSolution
		{A86795D3-F500-419A-8718-4BE10924211E}.Debug|Any CPU.ActiveCfg = Debug|Any CPU
		{A86795D3-F500-419A-8718-4BE10924211E}.Debug|Any CPU.Build.0 = Debug|Any CPU
		{A86795D3-F500-419A-8718-4BE10924211E}.Release|Any CPU.ActiveCfg = Release|Any CPU
		{A86795D3-F500-419A-8718-4BE10924211E}.Release|Any CPU.Build.0 = Release|Any CPU
	EndGlobalSection
	GlobalSection(SolutionProperties) = preSolution
		HideSolutionNode = FALSE
	EndGlobalSection
	GlobalSection(ExtensibilityGlobals) = postSolution
		SolutionGuid = {BD539F6E-733D-4581-A854-4E979615D2A5}
	EndGlobalSection
EndGlobal
